
Microsoft Visual Studio Solution File, Format Version 12.00
# Visual Studio Version 16
VisualStudioVersion = 16.0.32630.194
MinimumVisualStudioVersion = 10.0.40219.1
Project("{FAE04EC0-301F-11D3-BF4B-00C04F79EFBC}") = "CalculationsModel", "CalculationsModel\CalculationsModel.csproj", "{40D114F6-0FCF-4B4B-9585-756C90D226D5}"
EndProject
Project("{2150E333-8FDC-42A3-9474-1A3956D46DE8}") = "Models", "Models", "{CD14AAFD-EBD9-4D88-820A-291621D882F3}"
EndProject
Global
	GlobalSection(SolutionConfigurationPlatforms) = preSolution
		Debug|Any CPU = Debug|Any CPU
		Release|Any CPU = Release|Any CPU
	EndGlobalSection
	GlobalSection(ProjectConfigurationPlatforms) = postSolution
		{40D114F6-0FCF-4B4B-9585-756C90D226D5}.Debug|Any CPU.ActiveCfg = Debug|Any CPU
		{40D114F6-0FCF-4B4B-9585-756C90D226D5}.Debug|Any CPU.Build.0 = Debug|Any CPU
		{40D114F6-0FCF-4B4B-9585-756C90D226D5}.Release|Any CPU.ActiveCfg = Release|Any CPU
		{40D114F6-0FCF-4B4B-9585-756C90D226D5}.Release|Any CPU.Build.0 = Release|Any CPU
	EndGlobalSection
	GlobalSection(SolutionProperties) = preSolution
		HideSolutionNode = FALSE
	EndGlobalSection
	GlobalSection(NestedProjects) = preSolution
		{40D114F6-0FCF-4B4B-9585-756C90D226D5} = {CD14AAFD-EBD9-4D88-820A-291621D882F3}
	EndGlobalSection
	GlobalSection(ExtensibilityGlobals) = postSolution
		SolutionGuid = {D2055FE7-88C1-462E-A815-9454084C061D}
	EndGlobalSection
EndGlobal
